
Microsoft Visual Studio Solution File, Format Version 11.00
# Visual Studio 2010
Project("{FAE04EC0-301F-11D3-BF4B-00C04F79EFBC}") = "CraigMod1", "CraigMod1\Source\CraigMod1.csproj", "{4140A9F6-ED45-4434-8099-23BF34FDAA1B}"
EndProject
Project("{FAE04EC0-301F-11D3-BF4B-00C04F79EFBC}") = "Trains", "Trains\Source\Trains.csproj", "{6118D9FF-DA77-4A3A-B5DF-2BC4F59995E0}"
EndProject
Global
	GlobalSection(SolutionConfigurationPlatforms) = preSolution
		Debug|x86 = Debug|x86
		Release|x86 = Release|x86
	EndGlobalSection
	GlobalSection(ProjectConfigurationPlatforms) = postSolution
		{4140A9F6-ED45-4434-8099-23BF34FDAA1B}.Debug|x86.ActiveCfg = Debug|x86
		{4140A9F6-ED45-4434-8099-23BF34FDAA1B}.Debug|x86.Build.0 = Debug|x86
		{4140A9F6-ED45-4434-8099-23BF34FDAA1B}.Release|x86.ActiveCfg = Release|x86
		{4140A9F6-ED45-4434-8099-23BF34FDAA1B}.Release|x86.Build.0 = Release|x86
		{6118D9FF-DA77-4A3A-B5DF-2BC4F59995E0}.Debug|x86.ActiveCfg = Debug|x86
		{6118D9FF-DA77-4A3A-B5DF-2BC4F59995E0}.Debug|x86.Build.0 = Debug|x86
		{6118D9FF-DA77-4A3A-B5DF-2BC4F59995E0}.Release|x86.ActiveCfg = Release|x86
		{6118D9FF-DA77-4A3A-B5DF-2BC4F59995E0}.Release|x86.Build.0 = Release|x86
	EndGlobalSection
	GlobalSection(SolutionProperties) = preSolution
		HideSolutionNode = FALSE
	EndGlobalSection
EndGlobal
