
Microsoft Visual Studio Solution File, Format Version 11.00
# Visual Studio 2010
Project("{FAE04EC0-301F-11D3-BF4B-00C04F79EFBC}") = "CraigMod1", "CraigMod1\CraigMod1.csproj", "{4140A9F6-ED45-4434-8099-23BF34FDAA1B}"
EndProject
Project("{FAE04EC0-301F-11D3-BF4B-00C04F79EFBC}") = "Vehicles", "Vehicles\Vehicles.csproj", "{6118D9FF-DA77-4A3A-B5DF-2BC4F59995E0}"
EndProject
Project("{FAE04EC0-301F-11D3-BF4B-00C04F79EFBC}") = "PongArcade", "PongArcade\PongArcade.csproj", "{8FB6C9F3-37C9-43D4-AEB9-B8D5187B7E58}"
EndProject
Project("{FAE04EC0-301F-11D3-BF4B-00C04F79EFBC}") = "Lockpick", "Lockpick\Lockpick.csproj", "{755A1420-C00E-4693-8465-A28633C053A8}"
EndProject
Project("{FAE04EC0-301F-11D3-BF4B-00C04F79EFBC}") = "Tree Feller v1", "Tree Feller v1\Tree Feller v1.csproj", "{BCAA242C-02AB-49FB-AA93-0D8832E39DEC}"
EndProject
Project("{FAE04EC0-301F-11D3-BF4B-00C04F79EFBC}") = "Dice", "Dice\Dice.csproj", "{312E5474-148C-4586-B5B1-04F70642B092}"
EndProject
Project("{FAE04EC0-301F-11D3-BF4B-00C04F79EFBC}") = "BadBlocks", "BadBlocks\BadBlocks.csproj", "{DD71C055-A520-4102-80E2-36CE7CE4E9C1}"
EndProject
Project("{FAE04EC0-301F-11D3-BF4B-00C04F79EFBC}") = "TestWeapons", "TestWeapons\TestWeapons.csproj", "{58A68479-D89A-48CF-8796-3369E0C04CE3}"
EndProject
Project("{FAE04EC0-301F-11D3-BF4B-00C04F79EFBC}") = "TotalDefenderArcade", "TotalDefender\TotalDefenderArcade.csproj", "{E8DDEC8E-B19B-4421-808A-DF5B25F76978}"
EndProject
Project("{FAE04EC0-301F-11D3-BF4B-00C04F79EFBC}") = "SimpleGui", "SimpleGui\SimpleGui.csproj", "{8383EAE1-6B5D-465F-88A0-CD1AB5289A4A}"
EndProject
Project("{FAE04EC0-301F-11D3-BF4B-00C04F79EFBC}") = "TotalRoboArcade", "TotalRoboArcade\TotalRoboArcade.csproj", "{BEAB97C9-3992-48CA-93ED-2C69E8D45E7E}"
EndProject
Project("{FAE04EC0-301F-11D3-BF4B-00C04F79EFBC}") = "TestNet", "TestNet\TestNet.csproj", "{890E4064-4B48-4D1F-ACBB-8E06BC15854C}"
EndProject
Global
	GlobalSection(SolutionConfigurationPlatforms) = preSolution
		Debug|x86 = Debug|x86
		Release|x86 = Release|x86
	EndGlobalSection
	GlobalSection(ProjectConfigurationPlatforms) = postSolution
		{4140A9F6-ED45-4434-8099-23BF34FDAA1B}.Debug|x86.ActiveCfg = Debug|x86
		{4140A9F6-ED45-4434-8099-23BF34FDAA1B}.Debug|x86.Build.0 = Debug|x86
		{4140A9F6-ED45-4434-8099-23BF34FDAA1B}.Release|x86.ActiveCfg = Release|x86
		{4140A9F6-ED45-4434-8099-23BF34FDAA1B}.Release|x86.Build.0 = Release|x86
		{6118D9FF-DA77-4A3A-B5DF-2BC4F59995E0}.Debug|x86.ActiveCfg = Debug|x86
		{6118D9FF-DA77-4A3A-B5DF-2BC4F59995E0}.Debug|x86.Build.0 = Debug|x86
		{6118D9FF-DA77-4A3A-B5DF-2BC4F59995E0}.Release|x86.ActiveCfg = Release|x86
		{6118D9FF-DA77-4A3A-B5DF-2BC4F59995E0}.Release|x86.Build.0 = Release|x86
		{8FB6C9F3-37C9-43D4-AEB9-B8D5187B7E58}.Debug|x86.ActiveCfg = Debug|x86
		{8FB6C9F3-37C9-43D4-AEB9-B8D5187B7E58}.Debug|x86.Build.0 = Debug|x86
		{8FB6C9F3-37C9-43D4-AEB9-B8D5187B7E58}.Release|x86.ActiveCfg = Release|x86
		{8FB6C9F3-37C9-43D4-AEB9-B8D5187B7E58}.Release|x86.Build.0 = Release|x86
		{755A1420-C00E-4693-8465-A28633C053A8}.Debug|x86.ActiveCfg = Debug|x86
		{755A1420-C00E-4693-8465-A28633C053A8}.Debug|x86.Build.0 = Debug|x86
		{755A1420-C00E-4693-8465-A28633C053A8}.Release|x86.ActiveCfg = Release|x86
		{755A1420-C00E-4693-8465-A28633C053A8}.Release|x86.Build.0 = Release|x86
		{BCAA242C-02AB-49FB-AA93-0D8832E39DEC}.Debug|x86.ActiveCfg = Debug|x86
		{BCAA242C-02AB-49FB-AA93-0D8832E39DEC}.Debug|x86.Build.0 = Debug|x86
		{BCAA242C-02AB-49FB-AA93-0D8832E39DEC}.Release|x86.ActiveCfg = Release|x86
		{BCAA242C-02AB-49FB-AA93-0D8832E39DEC}.Release|x86.Build.0 = Release|x86
		{312E5474-148C-4586-B5B1-04F70642B092}.Debug|x86.ActiveCfg = Debug|x86
		{312E5474-148C-4586-B5B1-04F70642B092}.Debug|x86.Build.0 = Debug|x86
		{312E5474-148C-4586-B5B1-04F70642B092}.Release|x86.ActiveCfg = Release|x86
		{312E5474-148C-4586-B5B1-04F70642B092}.Release|x86.Build.0 = Release|x86
		{DD71C055-A520-4102-80E2-36CE7CE4E9C1}.Debug|x86.ActiveCfg = Debug|x86
		{DD71C055-A520-4102-80E2-36CE7CE4E9C1}.Debug|x86.Build.0 = Debug|x86
		{DD71C055-A520-4102-80E2-36CE7CE4E9C1}.Release|x86.ActiveCfg = Release|x86
		{DD71C055-A520-4102-80E2-36CE7CE4E9C1}.Release|x86.Build.0 = Release|x86
		{58A68479-D89A-48CF-8796-3369E0C04CE3}.Debug|x86.ActiveCfg = Debug|x86
		{58A68479-D89A-48CF-8796-3369E0C04CE3}.Debug|x86.Build.0 = Debug|x86
		{58A68479-D89A-48CF-8796-3369E0C04CE3}.Release|x86.ActiveCfg = Release|x86
		{58A68479-D89A-48CF-8796-3369E0C04CE3}.Release|x86.Build.0 = Release|x86
		{E8DDEC8E-B19B-4421-808A-DF5B25F76978}.Debug|x86.ActiveCfg = Debug|x86
		{E8DDEC8E-B19B-4421-808A-DF5B25F76978}.Debug|x86.Build.0 = Debug|x86
		{E8DDEC8E-B19B-4421-808A-DF5B25F76978}.Release|x86.ActiveCfg = Release|x86
		{E8DDEC8E-B19B-4421-808A-DF5B25F76978}.Release|x86.Build.0 = Release|x86
		{8383EAE1-6B5D-465F-88A0-CD1AB5289A4A}.Debug|x86.ActiveCfg = Debug|x86
		{8383EAE1-6B5D-465F-88A0-CD1AB5289A4A}.Debug|x86.Build.0 = Debug|x86
		{8383EAE1-6B5D-465F-88A0-CD1AB5289A4A}.Release|x86.ActiveCfg = Release|x86
		{8383EAE1-6B5D-465F-88A0-CD1AB5289A4A}.Release|x86.Build.0 = Release|x86
		{BEAB97C9-3992-48CA-93ED-2C69E8D45E7E}.Debug|x86.ActiveCfg = Debug|x86
		{BEAB97C9-3992-48CA-93ED-2C69E8D45E7E}.Debug|x86.Build.0 = Debug|x86
		{BEAB97C9-3992-48CA-93ED-2C69E8D45E7E}.Release|x86.ActiveCfg = Release|x86
		{BEAB97C9-3992-48CA-93ED-2C69E8D45E7E}.Release|x86.Build.0 = Release|x86
		{890E4064-4B48-4D1F-ACBB-8E06BC15854C}.Debug|x86.ActiveCfg = Debug|x86
		{890E4064-4B48-4D1F-ACBB-8E06BC15854C}.Debug|x86.Build.0 = Debug|x86
		{890E4064-4B48-4D1F-ACBB-8E06BC15854C}.Release|x86.ActiveCfg = Release|x86
		{890E4064-4B48-4D1F-ACBB-8E06BC15854C}.Release|x86.Build.0 = Release|x86
	EndGlobalSection
	GlobalSection(SolutionProperties) = preSolution
		HideSolutionNode = FALSE
	EndGlobalSection
EndGlobal
